
Microsoft Visual Studio Solution File, Format Version 12.00
# Visual Studio 2012
Project("{FAE04EC0-301F-11D3-BF4B-00C04F79EFBC}") = "Forum", "Forum\Forum.csproj", "{1EFD21E1-A074-4E0D-B7CA-2A36F3539F9F}"
EndProject
Project("{FAE04EC0-301F-11D3-BF4B-00C04F79EFBC}") = "Forum.DataAccess", "Forum.DataAccess\Forum.DataAccess.csproj", "{B476007D-1E11-4D7E-84F6-F893B8E498B9}"
EndProject
Project("{FAE04EC0-301F-11D3-BF4B-00C04F79EFBC}") = "Forum.ClassLibrary", "Forum.ClassLibrary\Forum.ClassLibrary.csproj", "{0F0DA562-3599-4666-A0DA-9689AF36987F}"
EndProject
Global
	GlobalSection(SolutionConfigurationPlatforms) = preSolution
		Debug|Any CPU = Debug|Any CPU
		Release|Any CPU = Release|Any CPU
	EndGlobalSection
	GlobalSection(ProjectConfigurationPlatforms) = postSolution
		{1EFD21E1-A074-4E0D-B7CA-2A36F3539F9F}.Debug|Any CPU.ActiveCfg = Debug|Any CPU
		{1EFD21E1-A074-4E0D-B7CA-2A36F3539F9F}.Debug|Any CPU.Build.0 = Debug|Any CPU
		{1EFD21E1-A074-4E0D-B7CA-2A36F3539F9F}.Release|Any CPU.ActiveCfg = Release|Any CPU
		{1EFD21E1-A074-4E0D-B7CA-2A36F3539F9F}.Release|Any CPU.Build.0 = Release|Any CPU
		{B476007D-1E11-4D7E-84F6-F893B8E498B9}.Debug|Any CPU.ActiveCfg = Debug|Any CPU
		{B476007D-1E11-4D7E-84F6-F893B8E498B9}.Debug|Any CPU.Build.0 = Debug|Any CPU
		{B476007D-1E11-4D7E-84F6-F893B8E498B9}.Release|Any CPU.ActiveCfg = Release|Any CPU
		{B476007D-1E11-4D7E-84F6-F893B8E498B9}.Release|Any CPU.Build.0 = Release|Any CPU
		{0F0DA562-3599-4666-A0DA-9689AF36987F}.Debug|Any CPU.ActiveCfg = Debug|Any CPU
		{0F0DA562-3599-4666-A0DA-9689AF36987F}.Debug|Any CPU.Build.0 = Debug|Any CPU
		{0F0DA562-3599-4666-A0DA-9689AF36987F}.Release|Any CPU.ActiveCfg = Release|Any CPU
		{0F0DA562-3599-4666-A0DA-9689AF36987F}.Release|Any CPU.Build.0 = Release|Any CPU
	EndGlobalSection
	GlobalSection(SolutionProperties) = preSolution
		HideSolutionNode = FALSE
	EndGlobalSection
EndGlobal
